
Microsoft Visual Studio Solution File, Format Version 12.00
# Visual Studio Version 16
VisualStudioVersion = 16.0.29613.14
MinimumVisualStudioVersion = 10.0.40219.1
Project("{FAE04EC0-301F-11D3-BF4B-00C04F79EFBC}") = "GA-ARP-3", "GA-ARP-3\GA-ARP-3.csproj", "{A2535761-320D-4D0A-B44E-DEE86498AE39}"
EndProject
Global
	GlobalSection(SolutionConfigurationPlatforms) = preSolution
		Debug|Any CPU = Debug|Any CPU
		Release|Any CPU = Release|Any CPU
	EndGlobalSection
	GlobalSection(ProjectConfigurationPlatforms) = postSolution
		{A2535761-320D-4D0A-B44E-DEE86498AE39}.Debug|Any CPU.ActiveCfg = Debug|Any CPU
		{A2535761-320D-4D0A-B44E-DEE86498AE39}.Debug|Any CPU.Build.0 = Debug|Any CPU
		{A2535761-320D-4D0A-B44E-DEE86498AE39}.Release|Any CPU.ActiveCfg = Release|Any CPU
		{A2535761-320D-4D0A-B44E-DEE86498AE39}.Release|Any CPU.Build.0 = Release|Any CPU
	EndGlobalSection
	GlobalSection(SolutionProperties) = preSolution
		HideSolutionNode = FALSE
	EndGlobalSection
	GlobalSection(ExtensibilityGlobals) = postSolution
		SolutionGuid = {BDFF5F38-AD74-4030-8D84-0E4472886C8E}
	EndGlobalSection
EndGlobal
